
Microsoft Visual Studio Solution File, Format Version 12.00
# Visual Studio Version 17
VisualStudioVersion = 17.0.31903.59
MinimumVisualStudioVersion = 10.0.40219.1
Project("{FAE04EC0-301F-11D3-BF4B-00C04F79EFBC}") = "RevitAPIRibbon", "RevitAPIRibbon.csproj", "{B780C11B-63F5-4CCE-B016-C62D4E55C3C8}"
EndProject
Global
	GlobalSection(SolutionConfigurationPlatforms) = preSolution
		Debug|Any CPU = Debug|Any CPU
		Debug|x64 = Debug|x64
		Release|Any CPU = Release|Any CPU
		Release|x64 = Release|x64
	EndGlobalSection
	GlobalSection(ProjectConfigurationPlatforms) = postSolution
		{B780C11B-63F5-4CCE-B016-C62D4E55C3C8}.Debug|Any CPU.ActiveCfg = Debug|Any CPU
		{B780C11B-63F5-4CCE-B016-C62D4E55C3C8}.Debug|Any CPU.Build.0 = Debug|Any CPU
		{B780C11B-63F5-4CCE-B016-C62D4E55C3C8}.Debug|x64.ActiveCfg = Debug|x64
		{B780C11B-63F5-4CCE-B016-C62D4E55C3C8}.Debug|x64.Build.0 = Debug|x64
		{B780C11B-63F5-4CCE-B016-C62D4E55C3C8}.Release|Any CPU.ActiveCfg = Release|Any CPU
		{B780C11B-63F5-4CCE-B016-C62D4E55C3C8}.Release|Any CPU.Build.0 = Release|Any CPU
		{B780C11B-63F5-4CCE-B016-C62D4E55C3C8}.Release|x64.ActiveCfg = Release|x64
		{B780C11B-63F5-4CCE-B016-C62D4E55C3C8}.Release|x64.Build.0 = Release|x64
	EndGlobalSection
	GlobalSection(SolutionProperties) = preSolution
		HideSolutionNode = FALSE
	EndGlobalSection
	GlobalSection(ExtensibilityGlobals) = postSolution
		SolutionGuid = {41A1F688-6279-4CCC-9DD6-DDE4A021E6FF}
	EndGlobalSection
EndGlobal
